# THIS IS AN AUTOGENERATED FILE. DO NOT EDIT THIS FILE DIRECTLY.
# yarn lockfile v1


"@rmw/axios@^0.0.16":
  version "0.0.16"
  resolved "https://registry.npmmirror.com/@rmw/axios/download/@rmw/axios-0.0.16.tgz#662a8be7cb4ce5fd418a38e781c4aceb41d296f0"
  integrity sha1-ZiqL58tM5f1BijjngcSs60HSlvA=
  dependencies:
    await-sleep "^0.0.1"
    axios "^0.24.0"
    chalk "^4.1.2"
    source-map-support "^0.5.20"

"@rmw/deepl-markdown-translate@^0.0.7":
  version "0.0.7"
  resolved "https://registry.npmmirror.com/@rmw/deepl-markdown-translate/download/@rmw/deepl-markdown-translate-0.0.7.tgz#f1c611cf61b2dbea74ef13bacbe5a06cb24ffd0a"
  integrity sha512-C1EIoWgfsWC4BP2vW4bXCEi20q0fmo0wRNQmYoYmlhE60Il6wI6rv6KjeBXPQQ9bcLPjxZdpB2heFCzPazKo0A==
  dependencies:
    "@rmw/axios" "^0.0.16"
    "@rmw/utf8" "^0.0.6"
    blake3 "^2.1.7"
    cmark-gfm "^0.9.0"
    lmdb "^2.1.0-beta3"
    turndown "^7.1.1"

"@rmw/thisdir@^0.0.2":
  version "0.0.2"
  resolved "https://registry.yarnpkg.com/@rmw/thisdir/-/thisdir-0.0.2.tgz#fd3f50ff47d48fa8f3961753324c52b078e65939"
  integrity sha512-KYV1t5GseFwwM0Q4mIHasm6csy9eVImOD9YLU5y8Ya3jb1hm4ahroSJSJZqFUsUAFC7CNnpvkzE703NQBCKIUg==

"@rmw/utf8@^0.0.6":
  version "0.0.6"
  resolved "https://registry.npmmirror.com/@rmw/utf8/download/@rmw/utf8-0.0.6.tgz#34ec52c8e7d8591262a04664096f0e2ca3ecd3d6"
  integrity sha512-Px1Jbc5NOJtAW695nlqqh123dgr/bs3ARGnGhlIDP5P33Iy3IB2ldDzcK+PjAw+Tiq5twxCA8YFE8Z8YzvWHBQ==

"@rmw/walk@^0.0.7":
  version "0.0.7"
  resolved "https://registry.yarnpkg.com/@rmw/walk/-/walk-0.0.7.tgz#7d53391714282dda845eea95946f7225ecc24a26"
  integrity sha512-6yPXwbUzMEOoux7ui5LgRQ4GBHrojk61mdpcBrAOb07IG+9MJ5zoPn6sIQLTbK1gVv/242h31t3CCJSakQZvrQ==

ansi-regex@^2.0.0:
  version "2.1.1"
  resolved "https://registry.nlark.com/ansi-regex/download/ansi-regex-2.1.1.tgz?cache=0&sync_timestamp=1631634988487&other_urls=https%3A%2F%2Fregistry.nlark.com%2Fansi-regex%2Fdownload%2Fansi-regex-2.1.1.tgz#c3b33ab5ee360d86e0e628f0468ae7ef27d654df"
  integrity sha1-w7M6te42DYbg5ijwRorn7yfWVN8=

ansi-regex@^5.0.1:
  version "5.0.1"
  resolved "https://registry.nlark.com/ansi-regex/download/ansi-regex-5.0.1.tgz?cache=0&sync_timestamp=1631634988487&other_urls=https%3A%2F%2Fregistry.nlark.com%2Fansi-regex%2Fdownload%2Fansi-regex-5.0.1.tgz#082cb2c89c9fe8659a311a53bd6a4dc5301db304"
  integrity sha1-CCyyyJyf6GWaMRpTvWpNxTAdswQ=

ansi-styles@^4.0.0, ansi-styles@^4.1.0:
  version "4.3.0"
  resolved "https://registry.nlark.com/ansi-styles/download/ansi-styles-4.3.0.tgz#edd803628ae71c04c85ae7a0906edad34b648937"
  integrity sha1-7dgDYornHATIWuegkG7a00tkiTc=
  dependencies:
    color-convert "^2.0.1"

aproba@^1.0.3:
  version "1.2.0"
  resolved "https://registry.nlark.com/aproba/download/aproba-1.2.0.tgz#6802e6264efd18c790a1b0d517f0f2627bf2c94a"
  integrity sha1-aALmJk79GMeQobDVF/DyYnvyyUo=

are-we-there-yet@~1.1.2:
  version "1.1.7"
  resolved "https://registry.nlark.com/are-we-there-yet/download/are-we-there-yet-1.1.7.tgz#b15474a932adab4ff8a50d9adfa7e4e926f21146"
  integrity sha1-sVR0qTKtq0/4pQ2a36fk6SbyEUY=
  dependencies:
    delegates "^1.0.0"
    readable-stream "^2.0.6"

await-sleep@^0.0.1:
  version "0.0.1"
  resolved "https://registry.npmmirror.com/await-sleep/download/await-sleep-0.0.1.tgz#044532e49f1f4219d2030d79f517d64569a27d50"
  integrity sha1-BEUy5J8fQhnSAw159RfWRWmifVA=

axios@^0.24.0:
  version "0.24.0"
  resolved "https://registry.npmmirror.com/axios/download/axios-0.24.0.tgz#804e6fa1e4b9c5288501dd9dff56a7a0940d20d6"
  integrity sha1-gE5voeS5xSiFAd2d/1anoJQNINY=
  dependencies:
    follow-redirects "^1.14.4"

base64-js@^1.3.1:
  version "1.5.1"
  resolved "https://registry.nlark.com/base64-js/download/base64-js-1.5.1.tgz#1b1b440160a5bf7ad40b650f095963481903930a"
  integrity sha1-GxtEAWClv3rUC2UPCVljSBkDkwo=

bindings@^1.5.0:
  version "1.5.0"
  resolved "https://registry.nlark.com/bindings/download/bindings-1.5.0.tgz#10353c9e945334bc0511a6d90b38fbc7c9c504df"
  integrity sha1-EDU8npRTNLwFEabZCzj7x8nFBN8=
  dependencies:
    file-uri-to-path "1.0.0"

bl@^4.0.3:
  version "4.1.0"
  resolved "https://registry.nlark.com/bl/download/bl-4.1.0.tgz#451535264182bec2fbbc83a62ab98cf11d9f7b3a"
  integrity sha1-RRU1JkGCvsL7vIOmKrmM8R2fezo=
  dependencies:
    buffer "^5.5.0"
    inherits "^2.0.4"
    readable-stream "^3.4.0"

blake3@^2.1.7:
  version "2.1.7"
  resolved "https://registry.npmmirror.com/blake3/download/blake3-2.1.7.tgz#449a1359448b582a650e854f193880d3861bca7a"
  integrity sha512-5d+TdKJvju96IyEaGJ0eO6CHbckWi+NBrCezGYM/WsnI3R03aLL2TWfsuZSh1rs0fTv/L3ps/r0vykjYurcIwA==

buffer-from@^1.0.0:
  version "1.1.2"
  resolved "https://registry.nlark.com/buffer-from/download/buffer-from-1.1.2.tgz#2b146a6fd72e80b4f55d255f35ed59a3a9a41bd5"
  integrity sha1-KxRqb9cugLT1XSVfNe1Zo6mkG9U=

buffer@^5.5.0:
  version "5.7.1"
  resolved "https://registry.nlark.com/buffer/download/buffer-5.7.1.tgz#ba62e7c13133053582197160851a8f648e99eed0"
  integrity sha1-umLnwTEzBTWCGXFghRqPZI6Z7tA=
  dependencies:
    base64-js "^1.3.1"
    ieee754 "^1.1.13"

camel-case@^4.1.2:
  version "4.1.2"
  resolved "https://registry.nlark.com/camel-case/download/camel-case-4.1.2.tgz#9728072a954f805228225a6deea6b38461e1bd5a"
  integrity sha1-lygHKpVPgFIoIlpt7qazhGHhvVo=
  dependencies:
    pascal-case "^3.1.2"
    tslib "^2.0.3"

camelcase@^5.0.0:
  version "5.3.1"
  resolved "https://registry.npmmirror.com/camelcase/download/camelcase-5.3.1.tgz?cache=0&sync_timestamp=1636945205805&other_urls=https%3A%2F%2Fregistry.npmmirror.com%2Fcamelcase%2Fdownload%2Fcamelcase-5.3.1.tgz#e3c9b31569e106811df242f715725a1f4c494320"
  integrity sha1-48mzFWnhBoEd8kL3FXJaH0xJQyA=

chalk@^4.1.2:
  version "4.1.2"
  resolved "https://registry.npmmirror.com/chalk/download/chalk-4.1.2.tgz#aac4e2b7734a740867aeb16bf02aad556a1e7a01"
  integrity sha1-qsTit3NKdAhnrrFr8CqtVWoeegE=
  dependencies:
    ansi-styles "^4.1.0"
    supports-color "^7.1.0"

chownr@^1.1.1:
  version "1.1.4"
  resolved "https://registry.nlark.com/chownr/download/chownr-1.1.4.tgz#6fc9d7b42d32a583596337666e7d08084da2cc6b"
  integrity sha1-b8nXtC0ypYNZYzdmbn0ICE2izGs=

clean-css@^5.2.2:
  version "5.2.2"
  resolved "https://registry.npmmirror.com/clean-css/download/clean-css-5.2.2.tgz?cache=0&sync_timestamp=1634992314911&other_urls=https%3A%2F%2Fregistry.npmmirror.com%2Fclean-css%2Fdownload%2Fclean-css-5.2.2.tgz#d3a7c6ee2511011e051719838bdcf8314dc4548d"
  integrity sha1-06fG7iURAR4FFxmDi9z4MU3EVI0=
  dependencies:
    source-map "~0.6.0"

cliui@^6.0.0:
  version "6.0.0"
  resolved "https://registry.nlark.com/cliui/download/cliui-6.0.0.tgz#511d702c0c4e41ca156d7d0e96021f23e13225b1"
  integrity sha1-UR1wLAxOQcoVbX0OlgIfI+EyJbE=
  dependencies:
    string-width "^4.2.0"
    strip-ansi "^6.0.0"
    wrap-ansi "^6.2.0"

cmark-gfm@^0.9.0:
  version "0.9.0"
  resolved "https://registry.npmmirror.com/cmark-gfm/download/cmark-gfm-0.9.0.tgz#198449aaa84306c9033423cb52fc24ea42a36287"
  integrity sha1-GYRJqqhDBskDNCPLUvwk6kKjYoc=
  dependencies:
    bindings "^1.5.0"
    node-addon-api "^3.0.0"
    prebuild-install "^6.0.0"

code-point-at@^1.0.0:
  version "1.1.0"
  resolved "https://registry.npmmirror.com/code-point-at/download/code-point-at-1.1.0.tgz#0d070b4d043a5bea33a2f1a40e2edb3d9a4ccf77"
  integrity sha1-DQcLTQQ6W+ozovGkDi7bPZpMz3c=

color-convert@^2.0.1:
  version "2.0.1"
  resolved "https://registry.nlark.com/color-convert/download/color-convert-2.0.1.tgz#72d3a68d598c9bdb3af2ad1e84f21d896abd4de3"
  integrity sha1-ctOmjVmMm9s68q0ehPIdiWq9TeM=
  dependencies:
    color-name "~1.1.4"

color-name@~1.1.4:
  version "1.1.4"
  resolved "https://registry.nlark.com/color-name/download/color-name-1.1.4.tgz#c2a09a87acbde69543de6f63fa3995c826c536a2"
  integrity sha1-wqCah6y95pVD3m9j+jmVyCbFNqI=

commander@^2.20.0:
  version "2.20.3"
  resolved "https://registry.npmmirror.com/commander/download/commander-2.20.3.tgz#fd485e84c03eb4881c20722ba48035e8531aeb33"
  integrity sha1-/UhehMA+tIgcIHIrpIA16FMa6zM=

commander@^8.3.0:
  version "8.3.0"
  resolved "https://registry.npmmirror.com/commander/download/commander-8.3.0.tgz#4837ea1b2da67b9c616a67afbb0fafee567bca66"
  integrity sha1-SDfqGy2me5xhamevuw+v7lZ7ymY=

console-control-strings@^1.0.0, console-control-strings@~1.1.0:
  version "1.1.0"
  resolved "https://registry.nlark.com/console-control-strings/download/console-control-strings-1.1.0.tgz#3d7cf4464db6446ea644bf4b39507f9851008e8e"
  integrity sha1-PXz0Rk22RG6mRL9LOVB/mFEAjo4=

core-util-is@~1.0.0:
  version "1.0.3"
  resolved "https://registry.nlark.com/core-util-is/download/core-util-is-1.0.3.tgz?cache=0&other_urls=https%3A%2F%2Fregistry.nlark.com%2Fcore-util-is%2Fdownload%2Fcore-util-is-1.0.3.tgz#a6042d3634c2b27e9328f837b965fac83808db85"
  integrity sha1-pgQtNjTCsn6TKPg3uWX6yDgI24U=

decamelize@^1.2.0:
  version "1.2.0"
  resolved "https://registry.npmmirror.com/decamelize/download/decamelize-1.2.0.tgz#f6534d15148269b20352e7bee26f501f9a191290"
  integrity sha1-9lNNFRSCabIDUue+4m9QH5oZEpA=

decompress-response@^4.2.0:
  version "4.2.1"
  resolved "https://registry.npmmirror.com/decompress-response/download/decompress-response-4.2.1.tgz#414023cc7a302da25ce2ec82d0d5238ccafd8986"
  integrity sha1-QUAjzHowLaJc4uyC0NUjjMr9iYY=
  dependencies:
    mimic-response "^2.0.0"

deep-extend@^0.6.0:
  version "0.6.0"
  resolved "https://registry.nlark.com/deep-extend/download/deep-extend-0.6.0.tgz#c4fa7c95404a17a9c3e8ca7e1537312b736330ac"
  integrity sha1-xPp8lUBKF6nD6Mp+FTcxK3NjMKw=

delegates@^1.0.0:
  version "1.0.0"
  resolved "https://registry.npm.taobao.org/delegates/download/delegates-1.0.0.tgz#84c6e159b81904fdca59a0ef44cd870d31250f9a"
  integrity sha1-hMbhWbgZBP3KWaDvRM2HDTElD5o=

detect-libc@^1.0.3:
  version "1.0.3"
  resolved "https://registry.nlark.com/detect-libc/download/detect-libc-1.0.3.tgz#fa137c4bd698edf55cd5cd02ac559f91a4c4ba9b"
  integrity sha1-+hN8S9aY7fVc1c0CrFWfkaTEups=

domino@^2.1.6:
  version "2.1.6"
  resolved "https://registry.nlark.com/domino/download/domino-2.1.6.tgz#fe4ace4310526e5e7b9d12c7de01b7f485a57ffe"
  integrity sha1-/krOQxBSbl57nRLH3gG39IWlf/4=

dot-case@^3.0.4:
  version "3.0.4"
  resolved "https://registry.nlark.com/dot-case/download/dot-case-3.0.4.tgz#9b2b670d00a431667a8a75ba29cd1b98809ce751"
  integrity sha1-mytnDQCkMWZ6inW6Kc0bmICc51E=
  dependencies:
    no-case "^3.0.4"
    tslib "^2.0.3"

emoji-regex@^8.0.0:
  version "8.0.0"
  resolved "https://registry.npmmirror.com/emoji-regex/download/emoji-regex-8.0.0.tgz#e818fd69ce5ccfcb404594f842963bf53164cc37"
  integrity sha1-6Bj9ac5cz8tARZT4QpY79TFkzDc=

end-of-stream@^1.1.0, end-of-stream@^1.4.1:
  version "1.4.4"
  resolved "https://registry.nlark.com/end-of-stream/download/end-of-stream-1.4.4.tgz#5ae64a5f45057baf3626ec14da0ca5e4b2431eb0"
  integrity sha1-WuZKX0UFe682JuwU2gyl5LJDHrA=
  dependencies:
    once "^1.4.0"

expand-template@^2.0.3:
  version "2.0.3"
  resolved "https://registry.nlark.com/expand-template/download/expand-template-2.0.3.tgz#6e14b3fcee0f3a6340ecb57d2e8918692052a47c"
  integrity sha1-bhSz/O4POmNA7LV9LokYaSBSpHw=

file-uri-to-path@1.0.0:
  version "1.0.0"
  resolved "https://registry.nlark.com/file-uri-to-path/download/file-uri-to-path-1.0.0.tgz#553a7b8446ff6f684359c445f1e37a05dacc33dd"
  integrity sha1-VTp7hEb/b2hDWcRF8eN6BdrMM90=

find-up@^4.1.0:
  version "4.1.0"
  resolved "https://registry.npmmirror.com/find-up/download/find-up-4.1.0.tgz#97afe7d6cdc0bc5928584b7c8d7b16e8a9aa5d19"
  integrity sha1-l6/n1s3AvFkoWEt8jXsW6KmqXRk=
  dependencies:
    locate-path "^5.0.0"
    path-exists "^4.0.0"

follow-redirects@^1.14.4:
  version "1.14.6"
  resolved "https://registry.npmmirror.com/follow-redirects/download/follow-redirects-1.14.6.tgz#8cfb281bbc035b3c067d6cd975b0f6ade6e855cd"
  integrity sha512-fhUl5EwSJbbl8AR+uYL2KQDxLkdSjZGR36xy46AO7cOMTrCMON6Sa28FmAnC2tRTDbd/Uuzz3aJBv7EBN7JH8A==

fs-constants@^1.0.0:
  version "1.0.0"
  resolved "https://registry.nlark.com/fs-constants/download/fs-constants-1.0.0.tgz#6be0de9be998ce16af8afc24497b9ee9b7ccd9ad"
  integrity sha1-a+Dem+mYzhavivwkSXue6bfM2a0=

gauge@~2.7.3:
  version "2.7.4"
  resolved "https://registry.npmmirror.com/gauge/download/gauge-2.7.4.tgz#2c03405c7538c39d7eb37b317022e325fb018bf7"
  integrity sha1-LANAXHU4w51+s3sxcCLjJfsBi/c=
  dependencies:
    aproba "^1.0.3"
    console-control-strings "^1.0.0"
    has-unicode "^2.0.0"
    object-assign "^4.1.0"
    signal-exit "^3.0.0"
    string-width "^1.0.1"
    strip-ansi "^3.0.1"
    wide-align "^1.1.0"

get-caller-file@^2.0.1:
  version "2.0.5"
  resolved "https://registry.nlark.com/get-caller-file/download/get-caller-file-2.0.5.tgz#4f94412a82db32f36e3b0b9741f8a97feb031f7e"
  integrity sha1-T5RBKoLbMvNuOwuXQfipf+sDH34=

github-from-package@0.0.0:
  version "0.0.0"
  resolved "https://registry.npmmirror.com/github-from-package/download/github-from-package-0.0.0.tgz#97fb5d96bfde8973313f20e8288ef9a167fa64ce"
  integrity sha1-l/tdlr/eiXMxPyDoKI75oWf6ZM4=

has-flag@^4.0.0:
  version "4.0.0"
  resolved "https://registry.nlark.com/has-flag/download/has-flag-4.0.0.tgz?cache=0&sync_timestamp=1626715907927&other_urls=https%3A%2F%2Fregistry.nlark.com%2Fhas-flag%2Fdownload%2Fhas-flag-4.0.0.tgz#944771fd9c81c81265c4d6941860da06bb59479b"
  integrity sha1-lEdx/ZyByBJlxNaUGGDaBrtZR5s=

has-unicode@^2.0.0:
  version "2.0.1"
  resolved "https://registry.nlark.com/has-unicode/download/has-unicode-2.0.1.tgz#e0e6fe6a28cf51138855e086d1691e771de2a8b9"
  integrity sha1-4Ob+aijPUROIVeCG0Wkedx3iqLk=

he@^1.2.0:
  version "1.2.0"
  resolved "https://registry.nlark.com/he/download/he-1.2.0.tgz#84ae65fa7eafb165fddb61566ae14baf05664f0f"
  integrity sha1-hK5l+n6vsWX922FWauFLrwVmTw8=

html-minifier-terser@^6.1.0:
  version "6.1.0"
  resolved "https://registry.npmmirror.com/html-minifier-terser/download/html-minifier-terser-6.1.0.tgz#bfc818934cc07918f6b3669f5774ecdfd48f32ab"
  integrity sha512-YXxSlJBZTP7RS3tWnQw74ooKa6L9b9i9QYXY21eUEvhZ3u9XLfv6OnFsQq6RxkhHygsaUMvYsZRV5rU/OVNZxw==
  dependencies:
    camel-case "^4.1.2"
    clean-css "^5.2.2"
    commander "^8.3.0"
    he "^1.2.0"
    param-case "^3.0.4"
    relateurl "^0.2.7"
    terser "^5.10.0"

ieee754@^1.1.13:
  version "1.2.1"
  resolved "https://registry.nlark.com/ieee754/download/ieee754-1.2.1.tgz#8eb7a10a63fff25d15a57b001586d177d1b0d352"
  integrity sha1-jrehCmP/8l0VpXsAFYbRd9Gw01I=

inherits@^2.0.3, inherits@^2.0.4, inherits@~2.0.3:
  version "2.0.4"
  resolved "https://registry.nlark.com/inherits/download/inherits-2.0.4.tgz#0fa2c64f932917c3433a0ded55363aae37416b7c"
  integrity sha1-D6LGT5MpF8NDOg3tVTY6rjdBa3w=

ini@~1.3.0:
  version "1.3.8"
  resolved "https://registry.nlark.com/ini/download/ini-1.3.8.tgz#a29da425b48806f34767a4efce397269af28432c"
  integrity sha1-op2kJbSIBvNHZ6Tvzjlyaa8oQyw=

is-fullwidth-code-point@^1.0.0:
  version "1.0.0"
  resolved "https://registry.nlark.com/is-fullwidth-code-point/download/is-fullwidth-code-point-1.0.0.tgz#ef9e31386f031a7f0d643af82fde50c457ef00cb"
  integrity sha1-754xOG8DGn8NZDr4L95QxFfvAMs=
  dependencies:
    number-is-nan "^1.0.0"

is-fullwidth-code-point@^3.0.0:
  version "3.0.0"
  resolved "https://registry.nlark.com/is-fullwidth-code-point/download/is-fullwidth-code-point-3.0.0.tgz#f116f8064fe90b3f7844a38997c0b75051269f1d"
  integrity sha1-8Rb4Bk/pCz94RKOJl8C3UFEmnx0=

isarray@~1.0.0:
  version "1.0.0"
  resolved "https://registry.nlark.com/isarray/download/isarray-1.0.0.tgz#bb935d48582cba168c06834957a54a3e07124f11"
  integrity sha1-u5NdSFgsuhaMBoNJV6VKPgcSTxE=

lmdb@^2.1.0-beta3:
  version "2.1.0-beta3"
  resolved "https://registry.npmmirror.com/lmdb/download/lmdb-2.1.0-beta3.tgz#bef1b4f01057a7d481cb6761de075a5a91cfe97e"
  integrity sha512-xNgS5eRc79Dlt9K+kB8VJLxKytribrujcDFk9IsJ4iQN/L5+zqjv8Ub3yigDxzza2QuXuG81xDPAefrxK6w4Ag==
  dependencies:
    msgpackr "^1.5.0"
    nan "^2.14.2"
    node-gyp-build "^4.2.3"
    ordered-binary "^1.2.2"
    weak-lru-cache "^1.2.0"

locate-path@^5.0.0:
  version "5.0.0"
  resolved "https://registry.nlark.com/locate-path/download/locate-path-5.0.0.tgz?cache=0&sync_timestamp=1629895618224&other_urls=https%3A%2F%2Fregistry.nlark.com%2Flocate-path%2Fdownload%2Flocate-path-5.0.0.tgz#1afba396afd676a6d42504d0a67a3a7eb9f62aa0"
  integrity sha1-Gvujlq/WdqbUJQTQpno6frn2KqA=
  dependencies:
    p-locate "^4.1.0"

lower-case@^2.0.2:
  version "2.0.2"
  resolved "https://registry.nlark.com/lower-case/download/lower-case-2.0.2.tgz#6fa237c63dbdc4a82ca0fd882e4722dc5e634e28"
  integrity sha1-b6I3xj29xKgsoP2ILkci3F5jTig=
  dependencies:
    tslib "^2.0.3"

md-padding@^1.1.1:
  version "1.1.1"
  resolved "https://registry.yarnpkg.com/md-padding/-/md-padding-1.1.1.tgz#0b465f7f6f9bb12c0b05245ac91fe339ed9b847f"
  integrity sha512-522JAw3OCoszr0EPprRH2k/Stb+AspfqcZWRurO9sIp5XLMMxj7SgKdMKs5V0cilClqJ4XPAUqAPE6/9xLaqPg==
  dependencies:
    yargs "^15.1.0"

mimic-response@^2.0.0:
  version "2.1.0"
  resolved "https://registry.nlark.com/mimic-response/download/mimic-response-2.1.0.tgz#d13763d35f613d09ec37ebb30bac0469c0ee8f43"
  integrity sha1-0Tdj019hPQnsN+uzC6wEacDuj0M=

minimist@^1.2.0, minimist@^1.2.3:
  version "1.2.5"
  resolved "https://registry.nlark.com/minimist/download/minimist-1.2.5.tgz?cache=0&sync_timestamp=1622685831901&other_urls=https%3A%2F%2Fregistry.nlark.com%2Fminimist%2Fdownload%2Fminimist-1.2.5.tgz#67d66014b66a6a8aaa0c083c5fd58df4e4e97602"
  integrity sha1-Z9ZgFLZqaoqqDAg8X9WN9OTpdgI=

mkdirp-classic@^0.5.2, mkdirp-classic@^0.5.3:
  version "0.5.3"
  resolved "https://registry.npmmirror.com/mkdirp-classic/download/mkdirp-classic-0.5.3.tgz#fa10c9115cc6d8865be221ba47ee9bed78601113"
  integrity sha1-+hDJEVzG2IZb4iG6R+6b7XhgERM=

msgpackr-extract-darwin-arm64@1.1.0:
  version "1.1.0"
  resolved "https://registry.yarnpkg.com/msgpackr-extract-darwin-arm64/-/msgpackr-extract-darwin-arm64-1.1.0.tgz#d590dffac6b90edc3ab53392f7ec5668ed94638c"
  integrity sha512-s1kHoT12tS2cCQOv+Wl3I+/cYNJXBPtwQqGA+dPYoXmchhXiE0Nso+BIfvQ5PxbmAyjj54Q5o7PnLTqVquNfZA==

msgpackr-extract-darwin-x64@1.1.0:
  version "1.1.0"
  resolved "https://registry.yarnpkg.com/msgpackr-extract-darwin-x64/-/msgpackr-extract-darwin-x64-1.1.0.tgz#568cbdf5e819ac120659c02b0dbaabf483523ee3"
  integrity sha512-yx/H/i12IKg4eWGu/eKdKzJD4jaYvvujQSaVmeOMCesbSQnWo5X6YR9TFjoiNoU9Aexk1KufzL9gW+1DozG1yw==

msgpackr-extract-linux-arm64@1.1.0:
  version "1.1.0"
  resolved "https://registry.yarnpkg.com/msgpackr-extract-linux-arm64/-/msgpackr-extract-linux-arm64-1.1.0.tgz#c0a30e6687cea4f79115f5762c5fdff90e4a20d4"
  integrity sha512-AxFle3fHNwz2V4CYDIGFxI6o/ZuI0lBKg0uHI8EcCMUmDE5mVAUWYge5WXmORVvb8sVWyVgFlmi3MTu4Ve6tNQ==

msgpackr-extract-linux-arm@1.1.0:
  version "1.1.0"
  resolved "https://registry.yarnpkg.com/msgpackr-extract-linux-arm/-/msgpackr-extract-linux-arm-1.1.0.tgz#38e8db873b6b3986558bde4d7bb15eacc8743a9e"
  integrity sha512-0VvSCqi12xpavxl14gMrauwIzHqHbmSChUijy/uo3mpjB1Pk4vlisKpZsaOZvNJyNKj0ACi5jYtbWnnOd7hYGw==

msgpackr-extract-linux-x64@1.1.0:
  version "1.1.0"
  resolved "https://registry.yarnpkg.com/msgpackr-extract-linux-x64/-/msgpackr-extract-linux-x64-1.1.0.tgz#8c44ca5211d9fa6af77be64a8e687c0be0491ce7"
  integrity sha512-O+XoyNFWpdB8oQL6O/YyzffPpmG5rTNrr1nKLW70HD2ENJUhcITzbV7eZimHPzkn8LAGls1tBaMTHQezTBpFOw==

msgpackr-extract-win32-x64@1.1.0:
  version "1.1.0"
  resolved "https://registry.yarnpkg.com/msgpackr-extract-win32-x64/-/msgpackr-extract-win32-x64-1.1.0.tgz#7bf9bd258e334668842c7532e5e40a60ca3325d7"
  integrity sha512-6AJdM5rNsL4yrskRfhujVSPEd6IBpgvsnIT/TPowKNLQ62iIdryizPY2PJNFiW3AJcY249AHEiDBXS1cTDPxzA==

msgpackr-extract@^1.0.14:
  version "1.0.16"
  resolved "https://registry.npmmirror.com/msgpackr-extract/download/msgpackr-extract-1.0.16.tgz#701c4f6e6f25c100ae84557092274e8fffeefe45"
  integrity sha512-fxdRfQUxPrL/TizyfYfMn09dK58e+d65bRD/fcaVH4052vj30QOzzqxcQIS7B0NsqlypEQ/6Du3QmP2DhWFfCA==
  dependencies:
    nan "^2.14.2"
    node-gyp-build "^4.2.3"

msgpackr-extract@^1.1.4:
  version "1.1.4"
  resolved "https://registry.yarnpkg.com/msgpackr-extract/-/msgpackr-extract-1.1.4.tgz#665037c1470f225d01d2d735dad0334fff5faae6"
  integrity sha512-WQbHvsThprXh+EqZYy+SQFEs7z6bNM7a0vgirwUfwUcphWGT2mdPcpyLCNiRsN6w5q5VKJUMblHY+tNEyceb9Q==
  dependencies:
    node-gyp-build-optional-packages "^4.3.2"
  optionalDependencies:
    msgpackr-extract-darwin-arm64 "1.1.0"
    msgpackr-extract-darwin-x64 "1.1.0"
    msgpackr-extract-linux-arm "1.1.0"
    msgpackr-extract-linux-arm64 "1.1.0"
    msgpackr-extract-linux-x64 "1.1.0"
    msgpackr-extract-win32-x64 "1.1.0"

msgpackr@^1.5.0:
  version "1.5.1"
  resolved "https://registry.npmmirror.com/msgpackr/download/msgpackr-1.5.1.tgz#2a8e39d25458406034b8cb50dc7d6a7abd3dfff2"
  integrity sha512-I1CXFG8BYYSeIhtDlHpUVMsdDiyvP9JAh1d9QoBnkPx3ETPeH/1lR14hweM9GETs09wCWlaOyhtXxIc9boxAAA==
  optionalDependencies:
    msgpackr-extract "^1.0.14"

msgpackr@^1.5.6:
  version "1.5.6"
  resolved "https://registry.yarnpkg.com/msgpackr/-/msgpackr-1.5.6.tgz#cb1b2a92038093d1a5695286a6e99466c3fcd195"
  integrity sha512-Y1Ia1AYKcz30JOAUyyC0jCicI7SeP8NK+SVCGZIeLg2oQs28wSwW2GbHXktk4ZZmrq9/v2jU0JAbvbp2d1ewpg==
  optionalDependencies:
    msgpackr-extract "^1.1.4"

nan@^2.14.2:
  version "2.15.0"
  resolved "https://registry.nlark.com/nan/download/nan-2.15.0.tgz?cache=0&sync_timestamp=1628093719696&other_urls=https%3A%2F%2Fregistry.nlark.com%2Fnan%2Fdownload%2Fnan-2.15.0.tgz#3f34a473ff18e15c1b5626b62903b5ad6e665fee"
  integrity sha1-PzSkc/8Y4VwbVia2KQO1rW5mX+4=

napi-build-utils@^1.0.1:
  version "1.0.2"
  resolved "https://registry.nlark.com/napi-build-utils/download/napi-build-utils-1.0.2.tgz#b1fddc0b2c46e380a0b7a76f984dd47c41a13806"
  integrity sha1-sf3cCyxG44Cgt6dvmE3UfEGhOAY=

no-case@^3.0.4:
  version "3.0.4"
  resolved "https://registry.nlark.com/no-case/download/no-case-3.0.4.tgz#d361fd5c9800f558551a8369fc0dcd4662b6124d"
  integrity sha1-02H9XJgA9VhVGoNp/A3NRmK2Ek0=
  dependencies:
    lower-case "^2.0.2"
    tslib "^2.0.3"

node-abi@^2.21.0:
  version "2.30.1"
  resolved "https://registry.npmmirror.com/node-abi/download/node-abi-2.30.1.tgz?cache=0&sync_timestamp=1637029227841&other_urls=https%3A%2F%2Fregistry.npmmirror.com%2Fnode-abi%2Fdownload%2Fnode-abi-2.30.1.tgz#c437d4b1fe0e285aaf290d45b45d4d7afedac4cf"
  integrity sha1-xDfUsf4OKFqvKQ1FtF1Nev7axM8=
  dependencies:
    semver "^5.4.1"

node-addon-api@^3.0.0:
  version "3.2.1"
  resolved "https://registry.nlark.com/node-addon-api/download/node-addon-api-3.2.1.tgz#81325e0a2117789c0128dab65e7e38f07ceba161"
  integrity sha1-gTJeCiEXeJwBKNq2Xn448HzroWE=

node-gyp-build-optional-packages@^4.3.2:
  version "4.3.2"
  resolved "https://registry.yarnpkg.com/node-gyp-build-optional-packages/-/node-gyp-build-optional-packages-4.3.2.tgz#82de9bdf9b1ad042457533afb2f67469dc2264bb"
  integrity sha512-P5Ep3ISdmwcCkZIaBaQamQtWAG0facC89phWZgi5Z3hBU//J6S48OIvyZWSPPf6yQMklLZiqoosWAZUj7N+esA==

node-gyp-build@^4.2.3:
  version "4.3.0"
  resolved "https://registry.nlark.com/node-gyp-build/download/node-gyp-build-4.3.0.tgz?cache=0&sync_timestamp=1631436654031&other_urls=https%3A%2F%2Fregistry.nlark.com%2Fnode-gyp-build%2Fdownload%2Fnode-gyp-build-4.3.0.tgz#9f256b03e5826150be39c764bf51e993946d71a3"
  integrity sha1-nyVrA+WCYVC+Ocdkv1Hpk5RtcaM=

npmlog@^4.0.1:
  version "4.1.2"
  resolved "https://registry.npmmirror.com/npmlog/download/npmlog-4.1.2.tgz#08a7f2a8bf734604779a9efa4ad5cc717abb954b"
  integrity sha1-CKfyqL9zRgR3mp76StXMcXq7lUs=
  dependencies:
    are-we-there-yet "~1.1.2"
    console-control-strings "~1.1.0"
    gauge "~2.7.3"
    set-blocking "~2.0.0"

number-is-nan@^1.0.0:
  version "1.0.1"
  resolved "https://registry.npmmirror.com/number-is-nan/download/number-is-nan-1.0.1.tgz#097b602b53422a522c1afb8790318336941a011d"
  integrity sha1-CXtgK1NCKlIsGvuHkDGDNpQaAR0=

object-assign@^4.1.0:
  version "4.1.1"
  resolved "https://registry.nlark.com/object-assign/download/object-assign-4.1.1.tgz#2109adc7965887cfc05cbbd442cac8bfbb360863"
  integrity sha1-IQmtx5ZYh8/AXLvUQsrIv7s2CGM=

once@^1.3.1, once@^1.4.0:
  version "1.4.0"
  resolved "https://registry.nlark.com/once/download/once-1.4.0.tgz#583b1aa775961d4b113ac17d9c50baef9dd76bd1"
  integrity sha1-WDsap3WWHUsROsF9nFC6753Xa9E=
  dependencies:
    wrappy "1"

ordered-binary@^1.2.2:
  version "1.2.2"
  resolved "https://registry.npmmirror.com/ordered-binary/download/ordered-binary-1.2.2.tgz#76b27c8c7c6fa09eded9d06f684b9f2721f95307"
  integrity sha512-fs9eFLmnFleZNi9oPp/XJdUjUuX90ucllnreN10boTKVje4U2QGjadxl1WAxCmBQRpvSMdALPN34ubDjFGeLyg==

p-limit@^2.2.0:
  version "2.3.0"
  resolved "https://registry.nlark.com/p-limit/download/p-limit-2.3.0.tgz?cache=0&sync_timestamp=1628812766275&other_urls=https%3A%2F%2Fregistry.nlark.com%2Fp-limit%2Fdownload%2Fp-limit-2.3.0.tgz#3dd33c647a214fdfffd835933eb086da0dc21db1"
  integrity sha1-PdM8ZHohT9//2DWTPrCG2g3CHbE=
  dependencies:
    p-try "^2.0.0"

p-limit@^4.0.0:
  version "4.0.0"
  resolved "https://registry.nlark.com/p-limit/download/p-limit-4.0.0.tgz?cache=0&sync_timestamp=1628812766275&other_urls=https%3A%2F%2Fregistry.nlark.com%2Fp-limit%2Fdownload%2Fp-limit-4.0.0.tgz#914af6544ed32bfa54670b061cafcbd04984b644"
  integrity sha1-kUr2VE7TK/pUZwsGHK/L0EmEtkQ=
  dependencies:
    yocto-queue "^1.0.0"

p-locate@^4.1.0:
  version "4.1.0"
  resolved "https://registry.nlark.com/p-locate/download/p-locate-4.1.0.tgz#a3428bb7088b3a60292f66919278b7c297ad4f07"
  integrity sha1-o0KLtwiLOmApL2aRkni3wpetTwc=
  dependencies:
    p-limit "^2.2.0"

p-try@^2.0.0:
  version "2.2.0"
  resolved "https://registry.npmmirror.com/p-try/download/p-try-2.2.0.tgz?cache=0&sync_timestamp=1633364600466&other_urls=https%3A%2F%2Fregistry.npmmirror.com%2Fp-try%2Fdownload%2Fp-try-2.2.0.tgz#cb2868540e313d61de58fafbe35ce9004d5540e6"
  integrity sha1-yyhoVA4xPWHeWPr741zpAE1VQOY=

param-case@^3.0.4:
  version "3.0.4"
  resolved "https://registry.nlark.com/param-case/download/param-case-3.0.4.tgz#7d17fe4aa12bde34d4a77d91acfb6219caad01c5"
  integrity sha1-fRf+SqEr3jTUp32RrPtiGcqtAcU=
  dependencies:
    dot-case "^3.0.4"
    tslib "^2.0.3"

pascal-case@^3.1.2:
  version "3.1.2"
  resolved "https://registry.nlark.com/pascal-case/download/pascal-case-3.1.2.tgz#b48e0ef2b98e205e7c1dae747d0b1508237660eb"
  integrity sha1-tI4O8rmOIF58Ha50fQsVCCN2YOs=
  dependencies:
    no-case "^3.0.4"
    tslib "^2.0.3"

path-exists@^4.0.0:
  version "4.0.0"
  resolved "https://registry.nlark.com/path-exists/download/path-exists-4.0.0.tgz?cache=0&sync_timestamp=1628765027018&other_urls=https%3A%2F%2Fregistry.nlark.com%2Fpath-exists%2Fdownload%2Fpath-exists-4.0.0.tgz#513bdbe2d3b95d7762e8c1137efa195c6c61b5b3"
  integrity sha1-UTvb4tO5XXdi6METfvoZXGxhtbM=

prebuild-install@^6.0.0:
  version "6.1.4"
  resolved "https://registry.npmmirror.com/prebuild-install/download/prebuild-install-6.1.4.tgz#ae3c0142ad611d58570b89af4986088a4937e00f"
  integrity sha1-rjwBQq1hHVhXC4mvSYYIikk34A8=
  dependencies:
    detect-libc "^1.0.3"
    expand-template "^2.0.3"
    github-from-package "0.0.0"
    minimist "^1.2.3"
    mkdirp-classic "^0.5.3"
    napi-build-utils "^1.0.1"
    node-abi "^2.21.0"
    npmlog "^4.0.1"
    pump "^3.0.0"
    rc "^1.2.7"
    simple-get "^3.0.3"
    tar-fs "^2.0.0"
    tunnel-agent "^0.6.0"

process-nextick-args@~2.0.0:
  version "2.0.1"
  resolved "https://registry.nlark.com/process-nextick-args/download/process-nextick-args-2.0.1.tgz#7820d9b16120cc55ca9ae7792680ae7dba6d7fe2"
  integrity sha1-eCDZsWEgzFXKmud5JoCufbptf+I=

pump@^3.0.0:
  version "3.0.0"
  resolved "https://registry.nlark.com/pump/download/pump-3.0.0.tgz#b4a2116815bde2f4e1ea602354e8c75565107a64"
  integrity sha1-tKIRaBW94vTh6mAjVOjHVWUQemQ=
  dependencies:
    end-of-stream "^1.1.0"
    once "^1.3.1"

rc@^1.2.7:
  version "1.2.8"
  resolved "https://registry.nlark.com/rc/download/rc-1.2.8.tgz#cd924bf5200a075b83c188cd6b9e211b7fc0d3ed"
  integrity sha1-zZJL9SAKB1uDwYjNa54hG3/A0+0=
  dependencies:
    deep-extend "^0.6.0"
    ini "~1.3.0"
    minimist "^1.2.0"
    strip-json-comments "~2.0.1"

readable-stream@^2.0.6:
  version "2.3.7"
  resolved "https://registry.nlark.com/readable-stream/download/readable-stream-2.3.7.tgz#1eca1cf711aef814c04f62252a36a62f6cb23b57"
  integrity sha1-Hsoc9xGu+BTAT2IlKjamL2yyO1c=
  dependencies:
    core-util-is "~1.0.0"
    inherits "~2.0.3"
    isarray "~1.0.0"
    process-nextick-args "~2.0.0"
    safe-buffer "~5.1.1"
    string_decoder "~1.1.1"
    util-deprecate "~1.0.1"

readable-stream@^3.1.1, readable-stream@^3.4.0:
  version "3.6.0"
  resolved "https://registry.nlark.com/readable-stream/download/readable-stream-3.6.0.tgz#337bbda3adc0706bd3e024426a286d4b4b2c9198"
  integrity sha1-M3u9o63AcGvT4CRCaihtS0sskZg=
  dependencies:
    inherits "^2.0.3"
    string_decoder "^1.1.1"
    util-deprecate "^1.0.1"

relateurl@^0.2.7:
  version "0.2.7"
  resolved "https://registry.nlark.com/relateurl/download/relateurl-0.2.7.tgz#54dbf377e51440aca90a4cd274600d3ff2d888a9"
  integrity sha1-VNvzd+UUQKypCkzSdGANP/LYiKk=

require-directory@^2.1.1:
  version "2.1.1"
  resolved "https://registry.nlark.com/require-directory/download/require-directory-2.1.1.tgz#8c64ad5fd30dab1c976e2344ffe7f792a6a6df42"
  integrity sha1-jGStX9MNqxyXbiNE/+f3kqam30I=

require-main-filename@^2.0.0:
  version "2.0.0"
  resolved "https://registry.nlark.com/require-main-filename/download/require-main-filename-2.0.0.tgz#d0b329ecc7cc0f61649f62215be69af54aa8989b"
  integrity sha1-0LMp7MfMD2Fkn2IhW+aa9UqomJs=

safe-buffer@^5.0.1, safe-buffer@~5.2.0:
  version "5.2.1"
  resolved "https://registry.nlark.com/safe-buffer/download/safe-buffer-5.2.1.tgz#1eaf9fa9bdb1fdd4ec75f58f9cdb4e6b7827eec6"
  integrity sha1-Hq+fqb2x/dTsdfWPnNtOa3gn7sY=

safe-buffer@~5.1.0, safe-buffer@~5.1.1:
  version "5.1.2"
  resolved "https://registry.nlark.com/safe-buffer/download/safe-buffer-5.1.2.tgz#991ec69d296e0313747d59bdfd2b745c35f8828d"
  integrity sha1-mR7GnSluAxN0fVm9/St0XDX4go0=

semver@^5.4.1:
  version "5.7.1"
  resolved "https://registry.nlark.com/semver/download/semver-5.7.1.tgz?cache=0&sync_timestamp=1622685835879&other_urls=https%3A%2F%2Fregistry.nlark.com%2Fsemver%2Fdownload%2Fsemver-5.7.1.tgz#a954f931aeba508d307bbf069eff0c01c96116f7"
  integrity sha1-qVT5Ma66UI0we78Gnv8MAclhFvc=

set-blocking@^2.0.0, set-blocking@~2.0.0:
  version "2.0.0"
  resolved "https://registry.nlark.com/set-blocking/download/set-blocking-2.0.0.tgz#045f9782d011ae9a6803ddd382b24392b3d890f7"
  integrity sha1-BF+XgtARrppoA93TgrJDkrPYkPc=

signal-exit@^3.0.0:
  version "3.0.6"
  resolved "https://registry.npmmirror.com/signal-exit/download/signal-exit-3.0.6.tgz?cache=0&other_urls=https%3A%2F%2Fregistry.npmmirror.com%2Fsignal-exit%2Fdownload%2Fsignal-exit-3.0.6.tgz#24e630c4b0f03fea446a2bd299e62b4a6ca8d0af"
  integrity sha512-sDl4qMFpijcGw22U5w63KmD3cZJfBuFlVNbVMKje2keoKML7X2UzWbc4XrmEbDwg0NXJc3yv4/ox7b+JWb57kQ==

simple-concat@^1.0.0:
  version "1.0.1"
  resolved "https://registry.nlark.com/simple-concat/download/simple-concat-1.0.1.tgz#f46976082ba35c2263f1c8ab5edfe26c41c9552f"
  integrity sha1-9Gl2CCujXCJj8cirXt/ibEHJVS8=

simple-get@^3.0.3:
  version "3.1.0"
  resolved "https://registry.nlark.com/simple-get/download/simple-get-3.1.0.tgz#b45be062435e50d159540b576202ceec40b9c6b3"
  integrity sha1-tFvgYkNeUNFZVAtXYgLO7EC5xrM=
  dependencies:
    decompress-response "^4.2.0"
    once "^1.3.1"
    simple-concat "^1.0.0"

source-map-support@^0.5.20, source-map-support@~0.5.20:
  version "0.5.21"
  resolved "https://registry.npmmirror.com/source-map-support/download/source-map-support-0.5.21.tgz?cache=0&sync_timestamp=1637320290160&other_urls=https%3A%2F%2Fregistry.npmmirror.com%2Fsource-map-support%2Fdownload%2Fsource-map-support-0.5.21.tgz#04fe7c7f9e1ed2d662233c28cb2b35b9f63f6e4f"
  integrity sha512-uBHU3L3czsIyYXKX88fdrGovxdSCoTGDRZ6SYXtSRxLZUzHg5P/66Ht6uoUlHu9EZod+inXhKo3qQgwXUT/y1w==
  dependencies:
    buffer-from "^1.0.0"
    source-map "^0.6.0"

source-map@^0.6.0, source-map@~0.6.0:
  version "0.6.1"
  resolved "https://registry.nlark.com/source-map/download/source-map-0.6.1.tgz#74722af32e9614e9c287a8d0bbde48b5e2f1a263"
  integrity sha1-dHIq8y6WFOnCh6jQu95IteLxomM=

source-map@~0.7.2:
  version "0.7.3"
  resolved "https://registry.nlark.com/source-map/download/source-map-0.7.3.tgz#5302f8169031735226544092e64981f751750383"
  integrity sha1-UwL4FpAxc1ImVECS5kmB91F1A4M=

string-width@^1.0.1:
  version "1.0.2"
  resolved "https://registry.npmmirror.com/string-width/download/string-width-1.0.2.tgz?cache=0&sync_timestamp=1632421013520&other_urls=https%3A%2F%2Fregistry.npmmirror.com%2Fstring-width%2Fdownload%2Fstring-width-1.0.2.tgz#118bdf5b8cdc51a2a7e70d211e07e2b0b9b107d3"
  integrity sha1-EYvfW4zcUaKn5w0hHgfisLmxB9M=
  dependencies:
    code-point-at "^1.0.0"
    is-fullwidth-code-point "^1.0.0"
    strip-ansi "^3.0.0"

"string-width@^1.0.2 || 2 || 3 || 4", string-width@^4.1.0, string-width@^4.2.0:
  version "4.2.3"
  resolved "https://registry.npmmirror.com/string-width/download/string-width-4.2.3.tgz?cache=0&sync_timestamp=1632421013520&other_urls=https%3A%2F%2Fregistry.npmmirror.com%2Fstring-width%2Fdownload%2Fstring-width-4.2.3.tgz#269c7117d27b05ad2e536830a8ec895ef9c6d010"
  integrity sha1-JpxxF9J7Ba0uU2gwqOyJXvnG0BA=
  dependencies:
    emoji-regex "^8.0.0"
    is-fullwidth-code-point "^3.0.0"
    strip-ansi "^6.0.1"

string_decoder@^1.1.1:
  version "1.3.0"
  resolved "https://registry.nlark.com/string_decoder/download/string_decoder-1.3.0.tgz#42f114594a46cf1a8e30b0a84f56c78c3edac21e"
  integrity sha1-QvEUWUpGzxqOMLCoT1bHjD7awh4=
  dependencies:
    safe-buffer "~5.2.0"

string_decoder@~1.1.1:
  version "1.1.1"
  resolved "https://registry.nlark.com/string_decoder/download/string_decoder-1.1.1.tgz#9cf1611ba62685d7030ae9e4ba34149c3af03fc8"
  integrity sha1-nPFhG6YmhdcDCunkujQUnDrwP8g=
  dependencies:
    safe-buffer "~5.1.0"

strip-ansi@^3.0.0, strip-ansi@^3.0.1:
  version "3.0.1"
  resolved "https://registry.npmmirror.com/strip-ansi/download/strip-ansi-3.0.1.tgz?cache=0&sync_timestamp=1632420562057&other_urls=https%3A%2F%2Fregistry.npmmirror.com%2Fstrip-ansi%2Fdownload%2Fstrip-ansi-3.0.1.tgz#6a385fb8853d952d5ff05d0e8aaf94278dc63dcf"
  integrity sha1-ajhfuIU9lS1f8F0Oiq+UJ43GPc8=
  dependencies:
    ansi-regex "^2.0.0"

strip-ansi@^6.0.0, strip-ansi@^6.0.1:
  version "6.0.1"
  resolved "https://registry.npmmirror.com/strip-ansi/download/strip-ansi-6.0.1.tgz?cache=0&sync_timestamp=1632420562057&other_urls=https%3A%2F%2Fregistry.npmmirror.com%2Fstrip-ansi%2Fdownload%2Fstrip-ansi-6.0.1.tgz#9e26c63d30f53443e9489495b2105d37b67a85d9"
  integrity sha1-nibGPTD1NEPpSJSVshBdN7Z6hdk=
  dependencies:
    ansi-regex "^5.0.1"

strip-json-comments@~2.0.1:
  version "2.0.1"
  resolved "https://registry.nlark.com/strip-json-comments/download/strip-json-comments-2.0.1.tgz#3c531942e908c2697c0ec344858c286c7ca0a60a"
  integrity sha1-PFMZQukIwml8DsNEhYwobHygpgo=

supports-color@^7.1.0:
  version "7.2.0"
  resolved "https://registry.npmmirror.com/supports-color/download/supports-color-7.2.0.tgz#1b7dcdcb32b8138801b3e478ba6a51caa89648da"
  integrity sha1-G33NyzK4E4gBs+R4umpRyqiWSNo=
  dependencies:
    has-flag "^4.0.0"

tar-fs@^2.0.0:
  version "2.1.1"
  resolved "https://registry.nlark.com/tar-fs/download/tar-fs-2.1.1.tgz#489a15ab85f1f0befabb370b7de4f9eb5cbe8784"
  integrity sha1-SJoVq4Xx8L76uzcLfeT561y+h4Q=
  dependencies:
    chownr "^1.1.1"
    mkdirp-classic "^0.5.2"
    pump "^3.0.0"
    tar-stream "^2.1.4"

tar-stream@^2.1.4:
  version "2.2.0"
  resolved "https://registry.nlark.com/tar-stream/download/tar-stream-2.2.0.tgz#acad84c284136b060dc3faa64474aa9aebd77287"
  integrity sha1-rK2EwoQTawYNw/qmRHSqmuvXcoc=
  dependencies:
    bl "^4.0.3"
    end-of-stream "^1.4.1"
    fs-constants "^1.0.0"
    inherits "^2.0.3"
    readable-stream "^3.1.1"

terser@^5.10.0:
  version "5.10.0"
  resolved "https://registry.npmmirror.com/terser/download/terser-5.10.0.tgz?cache=0&sync_timestamp=1636988182324&other_urls=https%3A%2F%2Fregistry.npmmirror.com%2Fterser%2Fdownload%2Fterser-5.10.0.tgz#b86390809c0389105eb0a0b62397563096ddafcc"
  integrity sha512-AMmF99DMfEDiRJfxfY5jj5wNH/bYO09cniSqhfoyxc8sFoYIgkJy86G04UoZU5VjlpnplVu0K6Tx6E9b5+DlHA==
  dependencies:
    commander "^2.20.0"
    source-map "~0.7.2"
    source-map-support "~0.5.20"

tslib@^2.0.3:
  version "2.3.1"
  resolved "https://registry.nlark.com/tslib/download/tslib-2.3.1.tgz#e8a335add5ceae51aa261d32a490158ef042ef01"
  integrity sha1-6KM1rdXOrlGqJh0ypJAVjvBC7wE=

tunnel-agent@^0.6.0:
  version "0.6.0"
  resolved "https://registry.nlark.com/tunnel-agent/download/tunnel-agent-0.6.0.tgz#27a5dea06b36b04a0a9966774b290868f0fc40fd"
  integrity sha1-J6XeoGs2sEoKmWZ3SykIaPD8QP0=
  dependencies:
    safe-buffer "^5.0.1"

turndown@^7.1.1:
  version "7.1.1"
  resolved "https://registry.nlark.com/turndown/download/turndown-7.1.1.tgz#96992f2d9b40a1a03d3ea61ad31b5a5c751ef77f"
  integrity sha1-lpkvLZtAoaA9PqYa0xtaXHUe938=
  dependencies:
    domino "^2.1.6"

util-deprecate@^1.0.1, util-deprecate@~1.0.1:
  version "1.0.2"
  resolved "https://registry.nlark.com/util-deprecate/download/util-deprecate-1.0.2.tgz#450d4dc9fa70de732762fbd2d4a28981419a0ccf"
  integrity sha1-RQ1Nyfpw3nMnYvvS1KKJgUGaDM8=

weak-lru-cache@^1.2.0:
  version "1.2.0"
  resolved "https://registry.npmmirror.com/weak-lru-cache/download/weak-lru-cache-1.2.0.tgz#9f18a0e622b73a22ec5ea6a585b3d90d834e7126"
  integrity sha512-/m09N7scntxHqtypoF+1KJnHYntYTwVXAq3y2P3YPNIMyKexGPVCs/DTm/nS1NhD0max+sLvIPJacSeNFQ9lNg==

which-module@^2.0.0:
  version "2.0.0"
  resolved "https://registry.npm.taobao.org/which-module/download/which-module-2.0.0.tgz#d9ef07dce77b9902b8a3a8fa4b31c3e3f7e6e87a"
  integrity sha1-2e8H3Od7mQK4o6j6SzHD4/fm6Ho=

wide-align@^1.1.0:
  version "1.1.5"
  resolved "https://registry.npmmirror.com/wide-align/download/wide-align-1.1.5.tgz#df1d4c206854369ecf3c9a4898f1b23fbd9d15d3"
  integrity sha1-3x1MIGhUNp7PPJpImPGyP72dFdM=
  dependencies:
    string-width "^1.0.2 || 2 || 3 || 4"

wrap-ansi@^6.2.0:
  version "6.2.0"
  resolved "https://registry.nlark.com/wrap-ansi/download/wrap-ansi-6.2.0.tgz?cache=0&sync_timestamp=1631557327268&other_urls=https%3A%2F%2Fregistry.nlark.com%2Fwrap-ansi%2Fdownload%2Fwrap-ansi-6.2.0.tgz#e9393ba07102e6c91a3b221478f0257cd2856e53"
  integrity sha1-6Tk7oHEC5skaOyIUePAlfNKFblM=
  dependencies:
    ansi-styles "^4.0.0"
    string-width "^4.1.0"
    strip-ansi "^6.0.0"

wrappy@1:
  version "1.0.2"
  resolved "https://registry.nlark.com/wrappy/download/wrappy-1.0.2.tgz#b5243d8f3ec1aa35f1364605bc0d1036e30ab69f"
  integrity sha1-tSQ9jz7BqjXxNkYFvA0QNuMKtp8=

y18n@^4.0.0:
  version "4.0.3"
  resolved "https://registry.nlark.com/y18n/download/y18n-4.0.3.tgz#b5f259c82cd6e336921efd7bfd8bf560de9eeedf"
  integrity sha1-tfJZyCzW4zaSHv17/Yv1YN6e7t8=

yargs-parser@^18.1.2:
  version "18.1.3"
  resolved "https://registry.npmmirror.com/yargs-parser/download/yargs-parser-18.1.3.tgz?cache=0&sync_timestamp=1637031053426&other_urls=https%3A%2F%2Fregistry.npmmirror.com%2Fyargs-parser%2Fdownload%2Fyargs-parser-18.1.3.tgz#be68c4975c6b2abf469236b0c870362fab09a7b0"
  integrity sha1-vmjEl1xrKr9GkjawyHA2L6sJp7A=
  dependencies:
    camelcase "^5.0.0"
    decamelize "^1.2.0"

yargs@^15.1.0:
  version "15.4.1"
  resolved "https://registry.npmmirror.com/yargs/download/yargs-15.4.1.tgz#0d87a16de01aee9d8bec2bfbf74f67851730f4f8"
  integrity sha1-DYehbeAa7p2L7Cv7909nhRcw9Pg=
  dependencies:
    cliui "^6.0.0"
    decamelize "^1.2.0"
    find-up "^4.1.0"
    get-caller-file "^2.0.1"
    require-directory "^2.1.1"
    require-main-filename "^2.0.0"
    set-blocking "^2.0.0"
    string-width "^4.2.0"
    which-module "^2.0.0"
    y18n "^4.0.0"
    yargs-parser "^18.1.2"

yocto-queue@^1.0.0:
  version "1.0.0"
  resolved "https://registry.nlark.com/yocto-queue/download/yocto-queue-1.0.0.tgz#7f816433fb2cbc511ec8bf7d263c3b58a1a3c251"
  integrity sha1-f4FkM/ssvFEeyL99Jjw7WKGjwlE=
